// !$*UTF8*$!
{
	archiveVersion = 1;
	classes = {
	};
	objectVersion = 48;
	objects = {

/* Begin PBXBuildFile section */
		D33BE2FE746CC09E961EE717 /* Pods_GrieteUITests.framework in Frameworks */ = {isa = PBXBuildFile; fileRef = FB43E51D18D48A2EBC76D7AB /* Pods_GrieteUITests.framework */; };
		D611CAAD2054162500DA27CE /* AddFriendViewController.swift in Sources */ = {isa = PBXBuildFile; fileRef = D611CAAC2054162500DA27CE /* AddFriendViewController.swift */; };
		D611CAAE2054162500DA27CE /* AddFriendViewController.swift in Sources */ = {isa = PBXBuildFile; fileRef = D611CAAC2054162500DA27CE /* AddFriendViewController.swift */; };
		D611CAB02054163500DA27CE /* EditProfileViewController.swift in Sources */ = {isa = PBXBuildFile; fileRef = D611CAAF2054163500DA27CE /* EditProfileViewController.swift */; };
		D611CAB12054163500DA27CE /* EditProfileViewController.swift in Sources */ = {isa = PBXBuildFile; fileRef = D611CAAF2054163500DA27CE /* EditProfileViewController.swift */; };
		D6470A2220789DA10078035D /* HelperMethods.swift in Sources */ = {isa = PBXBuildFile; fileRef = D6470A2120789DA10078035D /* HelperMethods.swift */; };
		D67873322054EA7C00321210 /* Profile.swift in Sources */ = {isa = PBXBuildFile; fileRef = D67873312054EA7C00321210 /* Profile.swift */; };
		D67873332054EA7C00321210 /* Profile.swift in Sources */ = {isa = PBXBuildFile; fileRef = D67873312054EA7C00321210 /* Profile.swift */; };
		D693EE1B205168FC00C16B8A /* AppDelegate.swift in Sources */ = {isa = PBXBuildFile; fileRef = D693EE1A205168FC00C16B8A /* AppDelegate.swift */; };
		D693EE1D205168FC00C16B8A /* ViewController.swift in Sources */ = {isa = PBXBuildFile; fileRef = D693EE1C205168FC00C16B8A /* ViewController.swift */; };
		D693EE25205168FC00C16B8A /* LaunchScreen.storyboard in Resources */ = {isa = PBXBuildFile; fileRef = D693EE23205168FC00C16B8A /* LaunchScreen.storyboard */; };
		D693EE30205168FD00C16B8A /* GrieteTests.swift in Sources */ = {isa = PBXBuildFile; fileRef = D693EE2F205168FD00C16B8A /* GrieteTests.swift */; };
		D693EE3B205168FD00C16B8A /* GrieteUITests.swift in Sources */ = {isa = PBXBuildFile; fileRef = D693EE3A205168FD00C16B8A /* GrieteUITests.swift */; };
		D693EE4C20516BD600C16B8A /* ChatListTableViewController.swift in Sources */ = {isa = PBXBuildFile; fileRef = D693EE4B20516BD600C16B8A /* ChatListTableViewController.swift */; };
		D693EE4D20516BD600C16B8A /* ChatListTableViewController.swift in Sources */ = {isa = PBXBuildFile; fileRef = D693EE4B20516BD600C16B8A /* ChatListTableViewController.swift */; };
		D693EE4F20516BEE00C16B8A /* ChatTableViewCell.swift in Sources */ = {isa = PBXBuildFile; fileRef = D693EE4E20516BEE00C16B8A /* ChatTableViewCell.swift */; };
		D693EE5020516BEE00C16B8A /* ChatTableViewCell.swift in Sources */ = {isa = PBXBuildFile; fileRef = D693EE4E20516BEE00C16B8A /* ChatTableViewCell.swift */; };
		D693EE5220516BFF00C16B8A /* CustomMessageCell.swift in Sources */ = {isa = PBXBuildFile; fileRef = D693EE5120516BFF00C16B8A /* CustomMessageCell.swift */; };
		D693EE5320516BFF00C16B8A /* CustomMessageCell.swift in Sources */ = {isa = PBXBuildFile; fileRef = D693EE5120516BFF00C16B8A /* CustomMessageCell.swift */; };
		D693EE5520516C0600C16B8A /* ChatViewController.swift in Sources */ = {isa = PBXBuildFile; fileRef = D693EE5420516C0600C16B8A /* ChatViewController.swift */; };
		D693EE5620516C0600C16B8A /* ChatViewController.swift in Sources */ = {isa = PBXBuildFile; fileRef = D693EE5420516C0600C16B8A /* ChatViewController.swift */; };
		D693EE5820516C0F00C16B8A /* Friends.swift in Sources */ = {isa = PBXBuildFile; fileRef = D693EE5720516C0F00C16B8A /* Friends.swift */; };
		D693EE5920516C0F00C16B8A /* Friends.swift in Sources */ = {isa = PBXBuildFile; fileRef = D693EE5720516C0F00C16B8A /* Friends.swift */; };
		D693EE5B20516C1500C16B8A /* GoogleService-Info.plist in Resources */ = {isa = PBXBuildFile; fileRef = D693EE5A20516C1500C16B8A /* GoogleService-Info.plist */; };
		D693EE5C20516C1500C16B8A /* GoogleService-Info.plist in Resources */ = {isa = PBXBuildFile; fileRef = D693EE5A20516C1500C16B8A /* GoogleService-Info.plist */; };
		D693EE5E20516C1F00C16B8A /* LogInViewController.swift in Sources */ = {isa = PBXBuildFile; fileRef = D693EE5D20516C1F00C16B8A /* LogInViewController.swift */; };
		D693EE5F20516C1F00C16B8A /* LogInViewController.swift in Sources */ = {isa = PBXBuildFile; fileRef = D693EE5D20516C1F00C16B8A /* LogInViewController.swift */; };
		D693EE6120516C2C00C16B8A /* Message.swift in Sources */ = {isa = PBXBuildFile; fileRef = D693EE6020516C2C00C16B8A /* Message.swift */; };
		D693EE6220516C2C00C16B8A /* Message.swift in Sources */ = {isa = PBXBuildFile; fileRef = D693EE6020516C2C00C16B8A /* Message.swift */; };
		D693EE6420516C3500C16B8A /* MessageCell.xib in Resources */ = {isa = PBXBuildFile; fileRef = D693EE6320516C3500C16B8A /* MessageCell.xib */; };
		D693EE6520516C3500C16B8A /* MessageCell.xib in Resources */ = {isa = PBXBuildFile; fileRef = D693EE6320516C3500C16B8A /* MessageCell.xib */; };
		D693EE6720516C4B00C16B8A /* RegisterViewController.swift in Sources */ = {isa = PBXBuildFile; fileRef = D693EE6620516C4B00C16B8A /* RegisterViewController.swift */; };
		D693EE6820516C4B00C16B8A /* RegisterViewController.swift in Sources */ = {isa = PBXBuildFile; fileRef = D693EE6620516C4B00C16B8A /* RegisterViewController.swift */; };
		D693EE6A20516C5100C16B8A /* WelcomeViewController.swift in Sources */ = {isa = PBXBuildFile; fileRef = D693EE6920516C5100C16B8A /* WelcomeViewController.swift */; };
		D693EE6B20516C5100C16B8A /* WelcomeViewController.swift in Sources */ = {isa = PBXBuildFile; fileRef = D693EE6920516C5100C16B8A /* WelcomeViewController.swift */; };
		D693EE6D20516C6700C16B8A /* Main.storyboard in Resources */ = {isa = PBXBuildFile; fileRef = D693EE6C20516C6700C16B8A /* Main.storyboard */; };
		D693EE6E20516C6700C16B8A /* Main.storyboard in Resources */ = {isa = PBXBuildFile; fileRef = D693EE6C20516C6700C16B8A /* Main.storyboard */; };
		D693EE7020516CC800C16B8A /* Images.xcassets in Resources */ = {isa = PBXBuildFile; fileRef = D693EE6F20516CC700C16B8A /* Images.xcassets */; };
		D693EE7120516CC800C16B8A /* Images.xcassets in Resources */ = {isa = PBXBuildFile; fileRef = D693EE6F20516CC700C16B8A /* Images.xcassets */; };
		D693EE7E2051B5A100C16B8A /* Pods_Griete.framework in Frameworks */ = {isa = PBXBuildFile; fileRef = D693EE7F2051B5A100C16B8A /* Pods_Griete.framework */; };
		D693EE842051B70B00C16B8A /* ChameleonFramework.framework in Frameworks */ = {isa = PBXBuildFile; fileRef = D693EE852051B70B00C16B8A /* ChameleonFramework.framework */; };
		F0C156A94BF3C6D5AF744EB2 /* Pods_GrieteTests.framework in Frameworks */ = {isa = PBXBuildFile; fileRef = E4D20D1EE6C5391F8C09BB06 /* Pods_GrieteTests.framework */; };
/* End PBXBuildFile section */

/* Begin PBXContainerItemProxy section */
		D693EE2C205168FD00C16B8A /* PBXContainerItemProxy */ = {
			isa = PBXContainerItemProxy;
			containerPortal = D693EE0F205168FC00C16B8A /* Project object */;
			proxyType = 1;
			remoteGlobalIDString = D693EE16205168FC00C16B8A;
			remoteInfo = Griete;
		};
		D693EE37205168FD00C16B8A /* PBXContainerItemProxy */ = {
			isa = PBXContainerItemProxy;
			containerPortal = D693EE0F205168FC00C16B8A /* Project object */;
			proxyType = 1;
			remoteGlobalIDString = D693EE16205168FC00C16B8A;
			remoteInfo = Griete;
		};
/* End PBXContainerItemProxy section */

/* Begin PBXCopyFilesBuildPhase section */
		D693EE832051B65F00C16B8A /* Embed Frameworks */ = {
			isa = PBXCopyFilesBuildPhase;
			buildActionMask = 2147483647;
			dstPath = "";
			dstSubfolderSpec = 10;
			files = (
			);
			name = "Embed Frameworks";
			runOnlyForDeploymentPostprocessing = 0;
		};
/* End PBXCopyFilesBuildPhase section */

/* Begin PBXFileReference section */
		114A9207CFBF3D6AD13B8870 /* Pods-GrieteTests.debug.xcconfig */ = {isa = PBXFileReference; includeInIndex = 1; lastKnownFileType = text.xcconfig; name = "Pods-GrieteTests.debug.xcconfig"; path = "Pods/Target Support Files/Pods-GrieteTests/Pods-GrieteTests.debug.xcconfig"; sourceTree = "<group>"; };
		6D9DF951336B094B60ECFEA5 /* Pods-GrieteUITests.release.xcconfig */ = {isa = PBXFileReference; includeInIndex = 1; lastKnownFileType = text.xcconfig; name = "Pods-GrieteUITests.release.xcconfig"; path = "Pods/Target Support Files/Pods-GrieteUITests/Pods-GrieteUITests.release.xcconfig"; sourceTree = "<group>"; };
		88C25AB0254DD5BEB5D574AA /* Pods-GrieteUITests.debug.xcconfig */ = {isa = PBXFileReference; includeInIndex = 1; lastKnownFileType = text.xcconfig; name = "Pods-GrieteUITests.debug.xcconfig"; path = "Pods/Target Support Files/Pods-GrieteUITests/Pods-GrieteUITests.debug.xcconfig"; sourceTree = "<group>"; };
		B9BDDCD66CCEB1986B2DFE1E /* Pods_Griete.framework */ = {isa = PBXFileReference; explicitFileType = wrapper.framework; includeInIndex = 0; path = Pods_Griete.framework; sourceTree = BUILT_PRODUCTS_DIR; };
		D2D48EB5A1D1F0DB63FB221B /* Pods-Griete.debug.xcconfig */ = {isa = PBXFileReference; includeInIndex = 1; lastKnownFileType = text.xcconfig; name = "Pods-Griete.debug.xcconfig"; path = "Pods/Target Support Files/Pods-Griete/Pods-Griete.debug.xcconfig"; sourceTree = "<group>"; };
		D611CAAC2054162500DA27CE /* AddFriendViewController.swift */ = {isa = PBXFileReference; lastKnownFileType = sourcecode.swift; path = AddFriendViewController.swift; sourceTree = "<group>"; };
		D611CAAF2054163500DA27CE /* EditProfileViewController.swift */ = {isa = PBXFileReference; lastKnownFileType = sourcecode.swift; path = EditProfileViewController.swift; sourceTree = "<group>"; };
		D6470A2120789DA10078035D /* HelperMethods.swift */ = {isa = PBXFileReference; lastKnownFileType = sourcecode.swift; path = HelperMethods.swift; sourceTree = "<group>"; };
		D67873312054EA7C00321210 /* Profile.swift */ = {isa = PBXFileReference; lastKnownFileType = sourcecode.swift; path = Profile.swift; sourceTree = "<group>"; };
		D693EE17205168FC00C16B8A /* Griete.app */ = {isa = PBXFileReference; explicitFileType = wrapper.application; includeInIndex = 0; path = Griete.app; sourceTree = BUILT_PRODUCTS_DIR; };
		D693EE1A205168FC00C16B8A /* AppDelegate.swift */ = {isa = PBXFileReference; lastKnownFileType = sourcecode.swift; path = AppDelegate.swift; sourceTree = "<group>"; };
		D693EE1C205168FC00C16B8A /* ViewController.swift */ = {isa = PBXFileReference; lastKnownFileType = sourcecode.swift; path = ViewController.swift; sourceTree = "<group>"; };
		D693EE24205168FC00C16B8A /* Base */ = {isa = PBXFileReference; lastKnownFileType = file.storyboard; name = Base; path = Base.lproj/LaunchScreen.storyboard; sourceTree = "<group>"; };
		D693EE26205168FC00C16B8A /* Info.plist */ = {isa = PBXFileReference; lastKnownFileType = text.plist.xml; path = Info.plist; sourceTree = "<group>"; };
		D693EE2B205168FD00C16B8A /* GrieteTests.xctest */ = {isa = PBXFileReference; explicitFileType = wrapper.cfbundle; includeInIndex = 0; path = GrieteTests.xctest; sourceTree = BUILT_PRODUCTS_DIR; };
		D693EE2F205168FD00C16B8A /* GrieteTests.swift */ = {isa = PBXFileReference; lastKnownFileType = sourcecode.swift; path = GrieteTests.swift; sourceTree = "<group>"; };
		D693EE31205168FD00C16B8A /* Info.plist */ = {isa = PBXFileReference; lastKnownFileType = text.plist.xml; path = Info.plist; sourceTree = "<group>"; };
		D693EE36205168FD00C16B8A /* GrieteUITests.xctest */ = {isa = PBXFileReference; explicitFileType = wrapper.cfbundle; includeInIndex = 0; path = GrieteUITests.xctest; sourceTree = BUILT_PRODUCTS_DIR; };
		D693EE3A205168FD00C16B8A /* GrieteUITests.swift */ = {isa = PBXFileReference; lastKnownFileType = sourcecode.swift; path = GrieteUITests.swift; sourceTree = "<group>"; };
		D693EE3C205168FD00C16B8A /* Info.plist */ = {isa = PBXFileReference; lastKnownFileType = text.plist.xml; path = Info.plist; sourceTree = "<group>"; };
		D693EE4B20516BD600C16B8A /* ChatListTableViewController.swift */ = {isa = PBXFileReference; fileEncoding = 4; lastKnownFileType = sourcecode.swift; path = ChatListTableViewController.swift; sourceTree = "<group>"; };
		D693EE4E20516BEE00C16B8A /* ChatTableViewCell.swift */ = {isa = PBXFileReference; fileEncoding = 4; lastKnownFileType = sourcecode.swift; path = ChatTableViewCell.swift; sourceTree = "<group>"; };
		D693EE5120516BFF00C16B8A /* CustomMessageCell.swift */ = {isa = PBXFileReference; fileEncoding = 4; lastKnownFileType = sourcecode.swift; path = CustomMessageCell.swift; sourceTree = "<group>"; };
		D693EE5420516C0600C16B8A /* ChatViewController.swift */ = {isa = PBXFileReference; fileEncoding = 4; lastKnownFileType = sourcecode.swift; path = ChatViewController.swift; sourceTree = "<group>"; };
		D693EE5720516C0F00C16B8A /* Friends.swift */ = {isa = PBXFileReference; fileEncoding = 4; lastKnownFileType = sourcecode.swift; path = Friends.swift; sourceTree = "<group>"; };
		D693EE5A20516C1500C16B8A /* GoogleService-Info.plist */ = {isa = PBXFileReference; fileEncoding = 4; lastKnownFileType = text.plist.xml; path = "GoogleService-Info.plist"; sourceTree = "<group>"; };
		D693EE5D20516C1F00C16B8A /* LogInViewController.swift */ = {isa = PBXFileReference; fileEncoding = 4; lastKnownFileType = sourcecode.swift; path = LogInViewController.swift; sourceTree = "<group>"; };
		D693EE6020516C2C00C16B8A /* Message.swift */ = {isa = PBXFileReference; fileEncoding = 4; lastKnownFileType = sourcecode.swift; path = Message.swift; sourceTree = "<group>"; };
		D693EE6320516C3500C16B8A /* MessageCell.xib */ = {isa = PBXFileReference; fileEncoding = 4; lastKnownFileType = file.xib; path = MessageCell.xib; sourceTree = "<group>"; };
		D693EE6620516C4B00C16B8A /* RegisterViewController.swift */ = {isa = PBXFileReference; fileEncoding = 4; lastKnownFileType = sourcecode.swift; path = RegisterViewController.swift; sourceTree = "<group>"; };
		D693EE6920516C5100C16B8A /* WelcomeViewController.swift */ = {isa = PBXFileReference; fileEncoding = 4; lastKnownFileType = sourcecode.swift; path = WelcomeViewController.swift; sourceTree = "<group>"; };
		D693EE6C20516C6700C16B8A /* Main.storyboard */ = {isa = PBXFileReference; fileEncoding = 4; lastKnownFileType = file.storyboard; path = Main.storyboard; sourceTree = "<group>"; };
		D693EE6F20516CC700C16B8A /* Images.xcassets */ = {isa = PBXFileReference; lastKnownFileType = folder.assetcatalog; path = Images.xcassets; sourceTree = "<group>"; };
		D693EE7F2051B5A100C16B8A /* Pods_Griete.framework */ = {isa = PBXFileReference; explicitFileType = wrapper.framework; path = Pods_Griete.framework; sourceTree = BUILT_PRODUCTS_DIR; };
		D693EE852051B70B00C16B8A /* ChameleonFramework.framework */ = {isa = PBXFileReference; explicitFileType = wrapper.framework; path = ChameleonFramework.framework; sourceTree = BUILT_PRODUCTS_DIR; };
		D93A06FF766D7237DC71FCF3 /* Pods-GrieteTests.release.xcconfig */ = {isa = PBXFileReference; includeInIndex = 1; lastKnownFileType = text.xcconfig; name = "Pods-GrieteTests.release.xcconfig"; path = "Pods/Target Support Files/Pods-GrieteTests/Pods-GrieteTests.release.xcconfig"; sourceTree = "<group>"; };
		E4D20D1EE6C5391F8C09BB06 /* Pods_GrieteTests.framework */ = {isa = PBXFileReference; explicitFileType = wrapper.framework; includeInIndex = 0; path = Pods_GrieteTests.framework; sourceTree = BUILT_PRODUCTS_DIR; };
		F32299E690DC6D93080D7920 /* Pods-Griete.release.xcconfig */ = {isa = PBXFileReference; includeInIndex = 1; lastKnownFileType = text.xcconfig; name = "Pods-Griete.release.xcconfig"; path = "Pods/Target Support Files/Pods-Griete/Pods-Griete.release.xcconfig"; sourceTree = "<group>"; };
		FB43E51D18D48A2EBC76D7AB /* Pods_GrieteUITests.framework */ = {isa = PBXFileReference; explicitFileType = wrapper.framework; includeInIndex = 0; path = Pods_GrieteUITests.framework; sourceTree = BUILT_PRODUCTS_DIR; };
/* End PBXFileReference section */

/* Begin PBXFrameworksBuildPhase section */
		D693EE14205168FC00C16B8A /* Frameworks */ = {
			isa = PBXFrameworksBuildPhase;
			buildActionMask = 2147483647;
			files = (
				D693EE842051B70B00C16B8A /* ChameleonFramework.framework in Frameworks */,
				D693EE7E2051B5A100C16B8A /* Pods_Griete.framework in Frameworks */,
			);
			runOnlyForDeploymentPostprocessing = 0;
		};
		D693EE28205168FD00C16B8A /* Frameworks */ = {
			isa = PBXFrameworksBuildPhase;
			buildActionMask = 2147483647;
			files = (
				F0C156A94BF3C6D5AF744EB2 /* Pods_GrieteTests.framework in Frameworks */,
			);
			runOnlyForDeploymentPostprocessing = 0;
		};
		D693EE33205168FD00C16B8A /* Frameworks */ = {
			isa = PBXFrameworksBuildPhase;
			buildActionMask = 2147483647;
			files = (
				D33BE2FE746CC09E961EE717 /* Pods_GrieteUITests.framework in Frameworks */,
			);
			runOnlyForDeploymentPostprocessing = 0;
		};
/* End PBXFrameworksBuildPhase section */

/* Begin PBXGroup section */
		3FCD8DC8F3C0CCD5A26552F4 /* Frameworks */ = {
			isa = PBXGroup;
			children = (
				D693EE852051B70B00C16B8A /* ChameleonFramework.framework */,
				D693EE7F2051B5A100C16B8A /* Pods_Griete.framework */,
				B9BDDCD66CCEB1986B2DFE1E /* Pods_Griete.framework */,
				E4D20D1EE6C5391F8C09BB06 /* Pods_GrieteTests.framework */,
				FB43E51D18D48A2EBC76D7AB /* Pods_GrieteUITests.framework */,
			);
			name = Frameworks;
			sourceTree = "<group>";
		};
		A92F3B2F6172F8E215DFA3A2 /* Pods */ = {
			isa = PBXGroup;
			children = (
				D2D48EB5A1D1F0DB63FB221B /* Pods-Griete.debug.xcconfig */,
				F32299E690DC6D93080D7920 /* Pods-Griete.release.xcconfig */,
				114A9207CFBF3D6AD13B8870 /* Pods-GrieteTests.debug.xcconfig */,
				D93A06FF766D7237DC71FCF3 /* Pods-GrieteTests.release.xcconfig */,
				88C25AB0254DD5BEB5D574AA /* Pods-GrieteUITests.debug.xcconfig */,
				6D9DF951336B094B60ECFEA5 /* Pods-GrieteUITests.release.xcconfig */,
			);
			name = Pods;
			sourceTree = "<group>";
		};
		D693EE0E205168FC00C16B8A = {
			isa = PBXGroup;
			children = (
				D693EE19205168FC00C16B8A /* Griete */,
				D693EE2E205168FD00C16B8A /* GrieteTests */,
				D693EE39205168FD00C16B8A /* GrieteUITests */,
				D693EE18205168FC00C16B8A /* Products */,
				A92F3B2F6172F8E215DFA3A2 /* Pods */,
				3FCD8DC8F3C0CCD5A26552F4 /* Frameworks */,
			);
			sourceTree = "<group>";
		};
		D693EE18205168FC00C16B8A /* Products */ = {
			isa = PBXGroup;
			children = (
				D693EE17205168FC00C16B8A /* Griete.app */,
				D693EE2B205168FD00C16B8A /* GrieteTests.xctest */,
				D693EE36205168FD00C16B8A /* GrieteUITests.xctest */,
			);
			name = Products;
			sourceTree = "<group>";
		};
		D693EE19205168FC00C16B8A /* Griete */ = {
			isa = PBXGroup;
			children = (
				D6470A2120789DA10078035D /* HelperMethods.swift */,
				D693EE4A20516B8D00C16B8A /* Controller */,
				D693EE4920516B8800C16B8A /* View */,
				D693EE4820516B8100C16B8A /* Model */,
				D693EE1A205168FC00C16B8A /* AppDelegate.swift */,
				D693EE1C205168FC00C16B8A /* ViewController.swift */,
				D693EE6F20516CC700C16B8A /* Images.xcassets */,
				D693EE26205168FC00C16B8A /* Info.plist */,
				D693EE5A20516C1500C16B8A /* GoogleService-Info.plist */,
			);
			path = Griete;
			sourceTree = "<group>";
		};
		D693EE2E205168FD00C16B8A /* GrieteTests */ = {
			isa = PBXGroup;
			children = (
				D693EE2F205168FD00C16B8A /* GrieteTests.swift */,
				D693EE31205168FD00C16B8A /* Info.plist */,
			);
			path = GrieteTests;
			sourceTree = "<group>";
		};
		D693EE39205168FD00C16B8A /* GrieteUITests */ = {
			isa = PBXGroup;
			children = (
				D693EE3A205168FD00C16B8A /* GrieteUITests.swift */,
				D693EE3C205168FD00C16B8A /* Info.plist */,
			);
			path = GrieteUITests;
			sourceTree = "<group>";
		};
		D693EE4820516B8100C16B8A /* Model */ = {
			isa = PBXGroup;
			children = (
				D693EE6020516C2C00C16B8A /* Message.swift */,
				D693EE5720516C0F00C16B8A /* Friends.swift */,
				D67873312054EA7C00321210 /* Profile.swift */,
			);
			path = Model;
			sourceTree = "<group>";
		};
		D693EE4920516B8800C16B8A /* View */ = {
			isa = PBXGroup;
			children = (
				D693EE23205168FC00C16B8A /* LaunchScreen.storyboard */,
				D693EE6C20516C6700C16B8A /* Main.storyboard */,
				D693EE6320516C3500C16B8A /* MessageCell.xib */,
				D693EE5120516BFF00C16B8A /* CustomMessageCell.swift */,
			);
			path = View;
			sourceTree = "<group>";
		};
		D693EE4A20516B8D00C16B8A /* Controller */ = {
			isa = PBXGroup;
			children = (
				D611CAAC2054162500DA27CE /* AddFriendViewController.swift */,
				D611CAAF2054163500DA27CE /* EditProfileViewController.swift */,
				D693EE4B20516BD600C16B8A /* ChatListTableViewController.swift */,
				D693EE4E20516BEE00C16B8A /* ChatTableViewCell.swift */,
				D693EE5420516C0600C16B8A /* ChatViewController.swift */,
				D693EE5D20516C1F00C16B8A /* LogInViewController.swift */,
				D693EE6620516C4B00C16B8A /* RegisterViewController.swift */,
				D693EE6920516C5100C16B8A /* WelcomeViewController.swift */,
			);
			path = Controller;
			sourceTree = "<group>";
		};
/* End PBXGroup section */

/* Begin PBXNativeTarget section */
		D693EE16205168FC00C16B8A /* Griete */ = {
			isa = PBXNativeTarget;
			buildConfigurationList = D693EE3F205168FD00C16B8A /* Build configuration list for PBXNativeTarget "Griete" */;
			buildPhases = (
				D7FF107D3305999987404E2B /* [CP] Check Pods Manifest.lock */,
				D693EE13205168FC00C16B8A /* Sources */,
				D693EE14205168FC00C16B8A /* Frameworks */,
				D693EE15205168FC00C16B8A /* Resources */,
				5AA9D27F10CD06268D9BD847 /* [CP] Embed Pods Frameworks */,
				7D0BCDAF3841EA9A9D8DBB36 /* [CP] Copy Pods Resources */,
				D693EE832051B65F00C16B8A /* Embed Frameworks */,
			);
			buildRules = (
			);
			dependencies = (
			);
			name = Griete;
			productName = Griete;
			productReference = D693EE17205168FC00C16B8A /* Griete.app */;
			productType = "com.apple.product-type.application";
		};
		D693EE2A205168FD00C16B8A /* GrieteTests */ = {
			isa = PBXNativeTarget;
			buildConfigurationList = D693EE42205168FD00C16B8A /* Build configuration list for PBXNativeTarget "GrieteTests" */;
			buildPhases = (
				B41CB24C16CE5DEC4C537669 /* [CP] Check Pods Manifest.lock */,
				D693EE27205168FD00C16B8A /* Sources */,
				D693EE28205168FD00C16B8A /* Frameworks */,
				D693EE29205168FD00C16B8A /* Resources */,
				DABE9AA63A86836CBA206DCA /* [CP] Embed Pods Frameworks */,
				AFF0D3C39CCC32A54ABFFDD4 /* [CP] Copy Pods Resources */,
			);
			buildRules = (
			);
			dependencies = (
				D693EE2D205168FD00C16B8A /* PBXTargetDependency */,
			);
			name = GrieteTests;
			productName = GrieteTests;
			productReference = D693EE2B205168FD00C16B8A /* GrieteTests.xctest */;
			productType = "com.apple.product-type.bundle.unit-test";
		};
		D693EE35205168FD00C16B8A /* GrieteUITests */ = {
			isa = PBXNativeTarget;
			buildConfigurationList = D693EE45205168FD00C16B8A /* Build configuration list for PBXNativeTarget "GrieteUITests" */;
			buildPhases = (
				ADA3116F938DD2526AF129ED /* [CP] Check Pods Manifest.lock */,
				D693EE32205168FD00C16B8A /* Sources */,
				D693EE33205168FD00C16B8A /* Frameworks */,
				D693EE34205168FD00C16B8A /* Resources */,
				6A4320269CB13EAAA7A974FB /* [CP] Embed Pods Frameworks */,
				AFFF66D17AFAE41E3BBBDBF6 /* [CP] Copy Pods Resources */,
			);
			buildRules = (
			);
			dependencies = (
				D693EE38205168FD00C16B8A /* PBXTargetDependency */,
			);
			name = GrieteUITests;
			productName = GrieteUITests;
			productReference = D693EE36205168FD00C16B8A /* GrieteUITests.xctest */;
			productType = "com.apple.product-type.bundle.ui-testing";
		};
/* End PBXNativeTarget section */

/* Begin PBXProject section */
		D693EE0F205168FC00C16B8A /* Project object */ = {
			isa = PBXProject;
			attributes = {
				LastSwiftUpdateCheck = 0920;
				LastUpgradeCheck = 0920;
				ORGANIZATIONNAME = "Harshavardhan K";
				TargetAttributes = {
					D693EE16205168FC00C16B8A = {
						CreatedOnToolsVersion = 9.2;
						ProvisioningStyle = Automatic;
					};
					D693EE2A205168FD00C16B8A = {
						CreatedOnToolsVersion = 9.2;
						ProvisioningStyle = Automatic;
						TestTargetID = D693EE16205168FC00C16B8A;
					};
					D693EE35205168FD00C16B8A = {
						CreatedOnToolsVersion = 9.2;
						ProvisioningStyle = Automatic;
						TestTargetID = D693EE16205168FC00C16B8A;
					};
				};
			};
			buildConfigurationList = D693EE12205168FC00C16B8A /* Build configuration list for PBXProject "Griete" */;
			compatibilityVersion = "Xcode 8.0";
			developmentRegion = en;
			hasScannedForEncodings = 0;
			knownRegions = (
				en,
				Base,
			);
			mainGroup = D693EE0E205168FC00C16B8A;
			productRefGroup = D693EE18205168FC00C16B8A /* Products */;
			projectDirPath = "";
			projectRoot = "";
			targets = (
				D693EE16205168FC00C16B8A /* Griete */,
				D693EE2A205168FD00C16B8A /* GrieteTests */,
				D693EE35205168FD00C16B8A /* GrieteUITests */,
			);
		};
/* End PBXProject section */

/* Begin PBXResourcesBuildPhase section */
		D693EE15205168FC00C16B8A /* Resources */ = {
			isa = PBXResourcesBuildPhase;
			buildActionMask = 2147483647;
			files = (
				D693EE6420516C3500C16B8A /* MessageCell.xib in Resources */,
				D693EE6D20516C6700C16B8A /* Main.storyboard in Resources */,
				D693EE25205168FC00C16B8A /* LaunchScreen.storyboard in Resources */,
				D693EE7020516CC800C16B8A /* Images.xcassets in Resources */,
				D693EE5B20516C1500C16B8A /* GoogleService-Info.plist in Resources */,
			);
			runOnlyForDeploymentPostprocessing = 0;
		};
		D693EE29205168FD00C16B8A /* Resources */ = {
			isa = PBXResourcesBuildPhase;
			buildActionMask = 2147483647;
			files = (
				D693EE6E20516C6700C16B8A /* Main.storyboard in Resources */,
				D693EE7120516CC800C16B8A /* Images.xcassets in Resources */,
				D693EE5C20516C1500C16B8A /* GoogleService-Info.plist in Resources */,
				D693EE6520516C3500C16B8A /* MessageCell.xib in Resources */,
			);
			runOnlyForDeploymentPostprocessing = 0;
		};
		D693EE34205168FD00C16B8A /* Resources */ = {
			isa = PBXResourcesBuildPhase;
			buildActionMask = 2147483647;
			files = (
			);
			runOnlyForDeploymentPostprocessing = 0;
		};
/* End PBXResourcesBuildPhase section */

/* Begin PBXShellScriptBuildPhase section */
		5AA9D27F10CD06268D9BD847 /* [CP] Embed Pods Frameworks */ = {
			isa = PBXShellScriptBuildPhase;
			buildActionMask = 2147483647;
			files = (
			);
			inputPaths = (
				"${SRCROOT}/Pods/Target Support Files/Pods-Griete/Pods-Griete-frameworks.sh",
				"${BUILT_PRODUCTS_DIR}/ChameleonFramework/ChameleonFramework.framework",
				"${BUILT_PRODUCTS_DIR}/GTMSessionFetcher/GTMSessionFetcher.framework",
				"${BUILT_PRODUCTS_DIR}/GoogleToolboxForMac/GoogleToolboxForMac.framework",
				"${BUILT_PRODUCTS_DIR}/SVProgressHUD/SVProgressHUD.framework",
				"${BUILT_PRODUCTS_DIR}/leveldb-library/leveldb.framework",
				"${BUILT_PRODUCTS_DIR}/nanopb/nanopb.framework",
			);
			name = "[CP] Embed Pods Frameworks";
			outputPaths = (
				"${TARGET_BUILD_DIR}/${FRAMEWORKS_FOLDER_PATH}/ChameleonFramework.framework",
				"${TARGET_BUILD_DIR}/${FRAMEWORKS_FOLDER_PATH}/GTMSessionFetcher.framework",
				"${TARGET_BUILD_DIR}/${FRAMEWORKS_FOLDER_PATH}/GoogleToolboxForMac.framework",
				"${TARGET_BUILD_DIR}/${FRAMEWORKS_FOLDER_PATH}/SVProgressHUD.framework",
				"${TARGET_BUILD_DIR}/${FRAMEWORKS_FOLDER_PATH}/leveldb.framework",
				"${TARGET_BUILD_DIR}/${FRAMEWORKS_FOLDER_PATH}/nanopb.framework",
			);
			runOnlyForDeploymentPostprocessing = 0;
			shellPath = /bin/sh;
			shellScript = "\"${SRCROOT}/Pods/Target Support Files/Pods-Griete/Pods-Griete-frameworks.sh\"\n";
			showEnvVarsInLog = 0;
		};
		6A4320269CB13EAAA7A974FB /* [CP] Embed Pods Frameworks */ = {
			isa = PBXShellScriptBuildPhase;
			buildActionMask = 2147483647;
			files = (
			);
			inputPaths = (
			);
			name = "[CP] Embed Pods Frameworks";
			outputPaths = (
			);
			runOnlyForDeploymentPostprocessing = 0;
			shellPath = /bin/sh;
			shellScript = "\"${SRCROOT}/Pods/Target Support Files/Pods-GrieteUITests/Pods-GrieteUITests-frameworks.sh\"\n";
			showEnvVarsInLog = 0;
		};
		7D0BCDAF3841EA9A9D8DBB36 /* [CP] Copy Pods Resources */ = {
			isa = PBXShellScriptBuildPhase;
			buildActionMask = 2147483647;
			files = (
			);
			inputPaths = (
			);
			name = "[CP] Copy Pods Resources";
			outputPaths = (
			);
			runOnlyForDeploymentPostprocessing = 0;
			shellPath = /bin/sh;
			shellScript = "\"${SRCROOT}/Pods/Target Support Files/Pods-Griete/Pods-Griete-resources.sh\"\n";
			showEnvVarsInLog = 0;
		};
		ADA3116F938DD2526AF129ED /* [CP] Check Pods Manifest.lock */ = {
			isa = PBXShellScriptBuildPhase;
			buildActionMask = 2147483647;
			files = (
			);
			inputPaths = (
				"${PODS_PODFILE_DIR_PATH}/Podfile.lock",
				"${PODS_ROOT}/Manifest.lock",
			);
			name = "[CP] Check Pods Manifest.lock";
			outputPaths = (
				"$(DERIVED_FILE_DIR)/Pods-GrieteUITests-checkManifestLockResult.txt",
			);
			runOnlyForDeploymentPostprocessing = 0;
			shellPath = /bin/sh;
			shellScript = "diff \"${PODS_PODFILE_DIR_PATH}/Podfile.lock\" \"${PODS_ROOT}/Manifest.lock\" > /dev/null\nif [ $? != 0 ] ; then\n    # print error to STDERR\n    echo \"error: The sandbox is not in sync with the Podfile.lock. Run 'pod install' or update your CocoaPods installation.\" >&2\n    exit 1\nfi\n# This output is used by Xcode 'outputs' to avoid re-running this script phase.\necho \"SUCCESS\" > \"${SCRIPT_OUTPUT_FILE_0}\"\n";
			showEnvVarsInLog = 0;
		};
		AFF0D3C39CCC32A54ABFFDD4 /* [CP] Copy Pods Resources */ = {
			isa = PBXShellScriptBuildPhase;
			buildActionMask = 2147483647;
			files = (
			);
			inputPaths = (
			);
			name = "[CP] Copy Pods Resources";
			outputPaths = (
			);
			runOnlyForDeploymentPostprocessing = 0;
			shellPath = /bin/sh;
			shellScript = "\"${SRCROOT}/Pods/Target Support Files/Pods-GrieteTests/Pods-GrieteTests-resources.sh\"\n";
			showEnvVarsInLog = 0;
		};
		AFFF66D17AFAE41E3BBBDBF6 /* [CP] Copy Pods Resources */ = {
			isa = PBXShellScriptBuildPhase;
			buildActionMask = 2147483647;
			files = (
			);
			inputPaths = (
			);
			name = "[CP] Copy Pods Resources";
			outputPaths = (
			);
			runOnlyForDeploymentPostprocessing = 0;
			shellPath = /bin/sh;
			shellScript = "\"${SRCROOT}/Pods/Target Support Files/Pods-GrieteUITests/Pods-GrieteUITests-resources.sh\"\n";
			showEnvVarsInLog = 0;
		};
		B41CB24C16CE5DEC4C537669 /* [CP] Check Pods Manifest.lock */ = {
			isa = PBXShellScriptBuildPhase;
			buildActionMask = 2147483647;
			files = (
			);
			inputPaths = (
				"${PODS_PODFILE_DIR_PATH}/Podfile.lock",
				"${PODS_ROOT}/Manifest.lock",
			);
			name = "[CP] Check Pods Manifest.lock";
			outputPaths = (
				"$(DERIVED_FILE_DIR)/Pods-GrieteTests-checkManifestLockResult.txt",
			);
			runOnlyForDeploymentPostprocessing = 0;
			shellPath = /bin/sh;
			shellScript = "diff \"${PODS_PODFILE_DIR_PATH}/Podfile.lock\" \"${PODS_ROOT}/Manifest.lock\" > /dev/null\nif [ $? != 0 ] ; then\n    # print error to STDERR\n    echo \"error: The sandbox is not in sync with the Podfile.lock. Run 'pod install' or update your CocoaPods installation.\" >&2\n    exit 1\nfi\n# This output is used by Xcode 'outputs' to avoid re-running this script phase.\necho \"SUCCESS\" > \"${SCRIPT_OUTPUT_FILE_0}\"\n";
			showEnvVarsInLog = 0;
		};
		D7FF107D3305999987404E2B /* [CP] Check Pods Manifest.lock */ = {
			isa = PBXShellScriptBuildPhase;
			buildActionMask = 2147483647;
			files = (
			);
			inputPaths = (
				"${PODS_PODFILE_DIR_PATH}/Podfile.lock",
				"${PODS_ROOT}/Manifest.lock",
			);
			name = "[CP] Check Pods Manifest.lock";
			outputPaths = (
				"$(DERIVED_FILE_DIR)/Pods-Griete-checkManifestLockResult.txt",
			);
			runOnlyForDeploymentPostprocessing = 0;
			shellPath = /bin/sh;
			shellScript = "diff \"${PODS_PODFILE_DIR_PATH}/Podfile.lock\" \"${PODS_ROOT}/Manifest.lock\" > /dev/null\nif [ $? != 0 ] ; then\n    # print error to STDERR\n    echo \"error: The sandbox is not in sync with the Podfile.lock. Run 'pod install' or update your CocoaPods installation.\" >&2\n    exit 1\nfi\n# This output is used by Xcode 'outputs' to avoid re-running this script phase.\necho \"SUCCESS\" > \"${SCRIPT_OUTPUT_FILE_0}\"\n";
			showEnvVarsInLog = 0;
		};
		DABE9AA63A86836CBA206DCA /* [CP] Embed Pods Frameworks */ = {
			isa = PBXShellScriptBuildPhase;
			buildActionMask = 2147483647;
			files = (
			);
			inputPaths = (
			);
			name = "[CP] Embed Pods Frameworks";
			outputPaths = (
			);
			runOnlyForDeploymentPostprocessing = 0;
			shellPath = /bin/sh;
			shellScript = "\"${SRCROOT}/Pods/Target Support Files/Pods-GrieteTests/Pods-GrieteTests-frameworks.sh\"\n";
			showEnvVarsInLog = 0;
		};
/* End PBXShellScriptBuildPhase section */

/* Begin PBXSourcesBuildPhase section */
		D693EE13205168FC00C16B8A /* Sources */ = {
			isa = PBXSourcesBuildPhase;
			buildActionMask = 2147483647;
			files = (
				D611CAB02054163500DA27CE /* EditProfileViewController.swift in Sources */,
				D611CAAD2054162500DA27CE /* AddFriendViewController.swift in Sources */,
				D6470A2220789DA10078035D /* HelperMethods.swift in Sources */,
				D693EE1D205168FC00C16B8A /* ViewController.swift in Sources */,
				D67873322054EA7C00321210 /* Profile.swift in Sources */,
				D693EE6720516C4B00C16B8A /* RegisterViewController.swift in Sources */,
				D693EE6A20516C5100C16B8A /* WelcomeViewController.swift in Sources */,
				D693EE5820516C0F00C16B8A /* Friends.swift in Sources */,
				D693EE5220516BFF00C16B8A /* CustomMessageCell.swift in Sources */,
				D693EE6120516C2C00C16B8A /* Message.swift in Sources */,
				D693EE4F20516BEE00C16B8A /* ChatTableViewCell.swift in Sources */,
				D693EE5E20516C1F00C16B8A /* LogInViewController.swift in Sources */,
				D693EE4C20516BD600C16B8A /* ChatListTableViewController.swift in Sources */,
				D693EE5520516C0600C16B8A /* ChatViewController.swift in Sources */,
				D693EE1B205168FC00C16B8A /* AppDelegate.swift in Sources */,
			);
			runOnlyForDeploymentPostprocessing = 0;
		};
		D693EE27205168FD00C16B8A /* Sources */ = {
			isa = PBXSourcesBuildPhase;
			buildActionMask = 2147483647;
			files = (
				D693EE6820516C4B00C16B8A /* RegisterViewController.swift in Sources */,
				D693EE6B20516C5100C16B8A /* WelcomeViewController.swift in Sources */,
				D693EE5020516BEE00C16B8A /* ChatTableViewCell.swift in Sources */,
				D67873332054EA7C00321210 /* Profile.swift in Sources */,
				D693EE5920516C0F00C16B8A /* Friends.swift in Sources */,
				D693EE30205168FD00C16B8A /* GrieteTests.swift in Sources */,
				D693EE5F20516C1F00C16B8A /* LogInViewController.swift in Sources */,
				D693EE5320516BFF00C16B8A /* CustomMessageCell.swift in Sources */,
				D693EE6220516C2C00C16B8A /* Message.swift in Sources */,
				D611CAB12054163500DA27CE /* EditProfileViewController.swift in Sources */,
				D611CAAE2054162500DA27CE /* AddFriendViewController.swift in Sources */,
				D693EE5620516C0600C16B8A /* ChatViewController.swift in Sources */,
				D693EE4D20516BD600C16B8A /* ChatListTableViewController.swift in Sources */,
			);
			runOnlyForDeploymentPostprocessing = 0;
		};
		D693EE32205168FD00C16B8A /* Sources */ = {
			isa = PBXSourcesBuildPhase;
			buildActionMask = 2147483647;
			files = (
				D693EE3B205168FD00C16B8A /* GrieteUITests.swift in Sources */,
			);
			runOnlyForDeploymentPostprocessing = 0;
		};
/* End PBXSourcesBuildPhase section */

/* Begin PBXTargetDependency section */
		D693EE2D205168FD00C16B8A /* PBXTargetDependency */ = {
			isa = PBXTargetDependency;
			target = D693EE16205168FC00C16B8A /* Griete */;
			targetProxy = D693EE2C205168FD00C16B8A /* PBXContainerItemProxy */;
		};
		D693EE38205168FD00C16B8A /* PBXTargetDependency */ = {
			isa = PBXTargetDependency;
			target = D693EE16205168FC00C16B8A /* Griete */;
			targetProxy = D693EE37205168FD00C16B8A /* PBXContainerItemProxy */;
		};
/* End PBXTargetDependency section */

/* Begin PBXVariantGroup section */
		D693EE23205168FC00C16B8A /* LaunchScreen.storyboard */ = {
			isa = PBXVariantGroup;
			children = (
				D693EE24205168FC00C16B8A /* Base */,
			);
			name = LaunchScreen.storyboard;
			sourceTree = "<group>";
		};
/* End PBXVariantGroup section */

/* Begin XCBuildConfiguration section */
		D693EE3D205168FD00C16B8A /* Debug */ = {
			isa = XCBuildConfiguration;
			buildSettings = {
				ALWAYS_SEARCH_USER_PATHS = NO;
				CLANG_ANALYZER_NONNULL = YES;
				CLANG_ANALYZER_NUMBER_OBJECT_CONVERSION = YES_AGGRESSIVE;
				CLANG_CXX_LANGUAGE_STANDARD = "gnu++14";
				CLANG_CXX_LIBRARY = "libc++";
				CLANG_ENABLE_MODULES = YES;
				CLANG_ENABLE_OBJC_ARC = YES;
				CLANG_WARN_BLOCK_CAPTURE_AUTORELEASING = YES;
				CLANG_WARN_BOOL_CONVERSION = YES;
				CLANG_WARN_COMMA = YES;
				CLANG_WARN_CONSTANT_CONVERSION = YES;
				CLANG_WARN_DIRECT_OBJC_ISA_USAGE = YES_ERROR;
				CLANG_WARN_DOCUMENTATION_COMMENTS = YES;
				CLANG_WARN_EMPTY_BODY = YES;
				CLANG_WARN_ENUM_CONVERSION = YES;
				CLANG_WARN_INFINITE_RECURSION = YES;
				CLANG_WARN_INT_CONVERSION = YES;
				CLANG_WARN_NON_LITERAL_NULL_CONVERSION = YES;
				CLANG_WARN_OBJC_LITERAL_CONVERSION = YES;
				CLANG_WARN_OBJC_ROOT_CLASS = YES_ERROR;
				CLANG_WARN_RANGE_LOOP_ANALYSIS = YES;
				CLANG_WARN_STRICT_PROTOTYPES = YES;
				CLANG_WARN_SUSPICIOUS_MOVE = YES;
				CLANG_WARN_UNGUARDED_AVAILABILITY = YES_AGGRESSIVE;
				CLANG_WARN_UNREACHABLE_CODE = YES;
				CLANG_WARN__DUPLICATE_METHOD_MATCH = YES;
				CODE_SIGN_IDENTITY = "iPhone Developer";
				COPY_PHASE_STRIP = NO;
				DEBUG_INFORMATION_FORMAT = dwarf;
				ENABLE_STRICT_OBJC_MSGSEND = YES;
				ENABLE_TESTABILITY = YES;
				GCC_C_LANGUAGE_STANDARD = gnu11;
				GCC_DYNAMIC_NO_PIC = NO;
				GCC_NO_COMMON_BLOCKS = YES;
				GCC_OPTIMIZATION_LEVEL = 0;
				GCC_PREPROCESSOR_DEFINITIONS = (
					"DEBUG=1",
					"$(inherited)",
				);
				GCC_WARN_64_TO_32_BIT_CONVERSION = YES;
				GCC_WARN_ABOUT_RETURN_TYPE = YES_ERROR;
				GCC_WARN_UNDECLARED_SELECTOR = YES;
				GCC_WARN_UNINITIALIZED_AUTOS = YES_AGGRESSIVE;
				GCC_WARN_UNUSED_FUNCTION = YES;
				GCC_WARN_UNUSED_VARIABLE = YES;
				IPHONEOS_DEPLOYMENT_TARGET = 11.2;
				MTL_ENABLE_DEBUG_INFO = YES;
				ONLY_ACTIVE_ARCH = YES;
				SDKROOT = iphoneos;
				SWIFT_ACTIVE_COMPILATION_CONDITIONS = DEBUG;
				SWIFT_OPTIMIZATION_LEVEL = "-Onone";
			};
			name = Debug;
		};
		D693EE3E205168FD00C16B8A /* Release */ = {
			isa = XCBuildConfiguration;
			buildSettings = {
				ALWAYS_SEARCH_USER_PATHS = NO;
				CLANG_ANALYZER_NONNULL = YES;
				CLANG_ANALYZER_NUMBER_OBJECT_CONVERSION = YES_AGGRESSIVE;
				CLANG_CXX_LANGUAGE_STANDARD = "gnu++14";
				CLANG_CXX_LIBRARY = "libc++";
				CLANG_ENABLE_MODULES = YES;
				CLANG_ENABLE_OBJC_ARC = YES;
				CLANG_WARN_BLOCK_CAPTURE_AUTORELEASING = YES;
				CLANG_WARN_BOOL_CONVERSION = YES;
				CLANG_WARN_COMMA = YES;
				CLANG_WARN_CONSTANT_CONVERSION = YES;
				CLANG_WARN_DIRECT_OBJC_ISA_USAGE = YES_ERROR;
				CLANG_WARN_DOCUMENTATION_COMMENTS = YES;
				CLANG_WARN_EMPTY_BODY = YES;
				CLANG_WARN_ENUM_CONVERSION = YES;
				CLANG_WARN_INFINITE_RECURSION = YES;
				CLANG_WARN_INT_CONVERSION = YES;
				CLANG_WARN_NON_LITERAL_NULL_CONVERSION = YES;
				CLANG_WARN_OBJC_LITERAL_CONVERSION = YES;
				CLANG_WARN_OBJC_ROOT_CLASS = YES_ERROR;
				CLANG_WARN_RANGE_LOOP_ANALYSIS = YES;
				CLANG_WARN_STRICT_PROTOTYPES = YES;
				CLANG_WARN_SUSPICIOUS_MOVE = YES;
				CLANG_WARN_UNGUARDED_AVAILABILITY = YES_AGGRESSIVE;
				CLANG_WARN_UNREACHABLE_CODE = YES;
				CLANG_WARN__DUPLICATE_METHOD_MATCH = YES;
				CODE_SIGN_IDENTITY = "iPhone Developer";
				COPY_PHASE_STRIP = NO;
				DEBUG_INFORMATION_FORMAT = "dwarf-with-dsym";
				ENABLE_NS_ASSERTIONS = NO;
				ENABLE_STRICT_OBJC_MSGSEND = YES;
				GCC_C_LANGUAGE_STANDARD = gnu11;
				GCC_NO_COMMON_BLOCKS = YES;
				GCC_WARN_64_TO_32_BIT_CONVERSION = YES;
				GCC_WARN_ABOUT_RETURN_TYPE = YES_ERROR;
				GCC_WARN_UNDECLARED_SELECTOR = YES;
				GCC_WARN_UNINITIALIZED_AUTOS = YES_AGGRESSIVE;
				GCC_WARN_UNUSED_FUNCTION = YES;
				GCC_WARN_UNUSED_VARIABLE = YES;
				IPHONEOS_DEPLOYMENT_TARGET = 11.2;
				MTL_ENABLE_DEBUG_INFO = NO;
				SDKROOT = iphoneos;
				SWIFT_OPTIMIZATION_LEVEL = "-Owholemodule";
				VALIDATE_PRODUCT = YES;
			};
			name = Release;
		};
		D693EE40205168FD00C16B8A /* Debug */ = {
			isa = XCBuildConfiguration;
			baseConfigurationReference = D2D48EB5A1D1F0DB63FB221B /* Pods-Griete.debug.xcconfig */;
			buildSettings = {
				ASSETCATALOG_COMPILER_APPICON_NAME = AppIcon;
				CODE_SIGN_STYLE = Automatic;
				DEVELOPMENT_TEAM = 9Z34Y633MA;
				INFOPLIST_FILE = Griete/Info.plist;
				LD_RUNPATH_SEARCH_PATHS = "$(inherited) @executable_path/Frameworks";
				PRODUCT_BUNDLE_IDENTIFIER = com.Tsarshah.appa.Griete;
				PRODUCT_NAME = "$(TARGET_NAME)";
				SWIFT_VERSION = 4.0;
				TARGETED_DEVICE_FAMILY = "1,2";
			};
			name = Debug;
		};
		D693EE41205168FD00C16B8A /* Release */ = {
			isa = XCBuildConfiguration;
			baseConfigurationReference = F32299E690DC6D93080D7920 /* Pods-Griete.release.xcconfig */;
			buildSettings = {
				ASSETCATALOG_COMPILER_APPICON_NAME = AppIcon;
				CODE_SIGN_STYLE = Automatic;
				DEVELOPMENT_TEAM = 9Z34Y633MA;
				INFOPLIST_FILE = Griete/Info.plist;
				LD_RUNPATH_SEARCH_PATHS = "$(inherited) @executable_path/Frameworks";
				PRODUCT_BUNDLE_IDENTIFIER = com.Tsarshah.appa.Griete;
				PRODUCT_NAME = "$(TARGET_NAME)";
				SWIFT_VERSION = 4.0;
				TARGETED_DEVICE_FAMILY = "1,2";
			};
			name = Release;
		};
		D693EE43205168FD00C16B8A /* Debug */ = {
			isa = XCBuildConfiguration;
			baseConfigurationReference = 114A9207CFBF3D6AD13B8870 /* Pods-GrieteTests.debug.xcconfig */;
			buildSettings = {
				ALWAYS_EMBED_SWIFT_STANDARD_LIBRARIES = YES;
				BUNDLE_LOADER = "$(TEST_HOST)";
				CODE_SIGN_STYLE = Automatic;
				DEVELOPMENT_TEAM = 9Z34Y633MA;
				INFOPLIST_FILE = GrieteTests/Info.plist;
				LD_RUNPATH_SEARCH_PATHS = "$(inherited) @executable_path/Frameworks @loader_path/Frameworks";
				PRODUCT_BUNDLE_IDENTIFIER = com.Tsarsha.apps.GrieteTests;
				PRODUCT_NAME = "$(TARGET_NAME)";
				SWIFT_VERSION = 4.0;
				TARGETED_DEVICE_FAMILY = "1,2";
				TEST_HOST = "$(BUILT_PRODUCTS_DIR)/Griete.app/Griete";
			};
			name = Debug;
		};
		D693EE44205168FD00C16B8A /* Release */ = {
			isa = XCBuildConfiguration;
			baseConfigurationReference = D93A06FF766D7237DC71FCF3 /* Pods-GrieteTests.release.xcconfig */;
			buildSettings = {
				ALWAYS_EMBED_SWIFT_STANDARD_LIBRARIES = YES;
				BUNDLE_LOADER = "$(TEST_HOST)";
				CODE_SIGN_STYLE = Automatic;
				DEVELOPMENT_TEAM = 9Z34Y633MA;
				INFOPLIST_FILE = GrieteTests/Info.plist;
				LD_RUNPATH_SEARCH_PATHS = "$(inherited) @executable_path/Frameworks @loader_path/Frameworks";
				PRODUCT_BUNDLE_IDENTIFIER = com.Tsarsha.apps.GrieteTests;
				PRODUCT_NAME = "$(TARGET_NAME)";
				SWIFT_VERSION = 4.0;
				TARGETED_DEVICE_FAMILY = "1,2";
				TEST_HOST = "$(BUILT_PRODUCTS_DIR)/Griete.app/Griete";
			};
			name = Release;
		};
		D693EE46205168FD00C16B8A /* Debug */ = {
			isa = XCBuildConfiguration;
			baseConfigurationReference = 88C25AB0254DD5BEB5D574AA /* Pods-GrieteUITests.debug.xcconfig */;
			buildSettings = {
				ALWAYS_EMBED_SWIFT_STANDARD_LIBRARIES = YES;
				CODE_SIGN_STYLE = Automatic;
				DEVELOPMENT_TEAM = 9Z34Y633MA;
				INFOPLIST_FILE = GrieteUITests/Info.plist;
				LD_RUNPATH_SEARCH_PATHS = "$(inherited) @executable_path/Frameworks @loader_path/Frameworks";
				PRODUCT_BUNDLE_IDENTIFIER = com.Tsarsha.apps.GrieteUITests;
				PRODUCT_NAME = "$(TARGET_NAME)";
				SWIFT_VERSION = 4.0;
				TARGETED_DEVICE_FAMILY = "1,2";
				TEST_TARGET_NAME = Griete;
			};
			name = Debug;
		};
		D693EE47205168FD00C16B8A /* Release */ = {
			isa = XCBuildConfiguration;
			baseConfigurationReference = 6D9DF951336B094B60ECFEA5 /* Pods-GrieteUITests.release.xcconfig */;
			buildSettings = {
				ALWAYS_EMBED_SWIFT_STANDARD_LIBRARIES = YES;
				CODE_SIGN_STYLE = Automatic;
				DEVELOPMENT_TEAM = 9Z34Y633MA;
				INFOPLIST_FILE = GrieteUITests/Info.plist;
				LD_RUNPATH_SEARCH_PATHS = "$(inherited) @executable_path/Frameworks @loader_path/Frameworks";
				PRODUCT_BUNDLE_IDENTIFIER = com.Tsarsha.apps.GrieteUITests;
				PRODUCT_NAME = "$(TARGET_NAME)";
				SWIFT_VERSION = 4.0;
				TARGETED_DEVICE_FAMILY = "1,2";
				TEST_TARGET_NAME = Griete;
			};
			name = Release;
		};
/* End XCBuildConfiguration section */

/* Begin XCConfigurationList section */
		D693EE12205168FC00C16B8A /* Build configuration list for PBXProject "Griete" */ = {
			isa = XCConfigurationList;
			buildConfigurations = (
				D693EE3D205168FD00C16B8A /* Debug */,
				D693EE3E205168FD00C16B8A /* Release */,
			);
			defaultConfigurationIsVisible = 0;
			defaultConfigurationName = Release;
		};
		D693EE3F205168FD00C16B8A /* Build configuration list for PBXNativeTarget "Griete" */ = {
			isa = XCConfigurationList;
			buildConfigurations = (
				D693EE40205168FD00C16B8A /* Debug */,
				D693EE41205168FD00C16B8A /* Release */,
			);
			defaultConfigurationIsVisible = 0;
			defaultConfigurationName = Release;
		};
		D693EE42205168FD00C16B8A /* Build configuration list for PBXNativeTarget "GrieteTests" */ = {
			isa = XCConfigurationList;
			buildConfigurations = (
				D693EE43205168FD00C16B8A /* Debug */,
				D693EE44205168FD00C16B8A /* Release */,
			);
			defaultConfigurationIsVisible = 0;
			defaultConfigurationName = Release;
		};
		D693EE45205168FD00C16B8A /* Build configuration list for PBXNativeTarget "GrieteUITests" */ = {
			isa = XCConfigurationList;
			buildConfigurations = (
				D693EE46205168FD00C16B8A /* Debug */,
				D693EE47205168FD00C16B8A /* Release */,
			);
			defaultConfigurationIsVisible = 0;
			defaultConfigurationName = Release;
		};
/* End XCConfigurationList section */
	};
	rootObject = D693EE0F205168FC00C16B8A /* Project object */;
}
